// !$*UTF8*$!
{
	archiveVersion = 1;
	classes = {
	};
	objectVersion = 46;
	objects = {

/* Begin PBXBuildFile section */
		07D4AAC82F1B01B1F5AD827E /* Pods_CustomEmailLogin.framework in Frameworks */ = {isa = PBXBuildFile; fileRef = C9E831AC471528BED204A7A6 /* Pods_CustomEmailLogin.framework */; };
		328D73321F505D1800FAF144 /* AppDelegate.swift in Sources */ = {isa = PBXBuildFile; fileRef = 328D73311F505D1800FAF144 /* AppDelegate.swift */; };
		328D73341F505D1800FAF144 /* ViewController.swift in Sources */ = {isa = PBXBuildFile; fileRef = 328D73331F505D1800FAF144 /* ViewController.swift */; };
		328D73371F505D1800FAF144 /* Main.storyboard in Resources */ = {isa = PBXBuildFile; fileRef = 328D73351F505D1800FAF144 /* Main.storyboard */; };
		328D73391F505D1800FAF144 /* Assets.xcassets in Resources */ = {isa = PBXBuildFile; fileRef = 328D73381F505D1800FAF144 /* Assets.xcassets */; };
		328D733C1F505D1800FAF144 /* LaunchScreen.storyboard in Resources */ = {isa = PBXBuildFile; fileRef = 328D733A1F505D1800FAF144 /* LaunchScreen.storyboard */; };
		328D73441F505DB400FAF144 /* GoogleService-Info.plist in Resources */ = {isa = PBXBuildFile; fileRef = 328D73431F505DB400FAF144 /* GoogleService-Info.plist */; };
/* End PBXBuildFile section */

/* Begin PBXFileReference section */
		328D732E1F505D1800FAF144 /* CustomEmailLogin.app */ = {isa = PBXFileReference; explicitFileType = wrapper.application; includeInIndex = 0; path = CustomEmailLogin.app; sourceTree = BUILT_PRODUCTS_DIR; };
		328D73311F505D1800FAF144 /* AppDelegate.swift */ = {isa = PBXFileReference; lastKnownFileType = sourcecode.swift; path = AppDelegate.swift; sourceTree = "<group>"; };
		328D73331F505D1800FAF144 /* ViewController.swift */ = {isa = PBXFileReference; lastKnownFileType = sourcecode.swift; path = ViewController.swift; sourceTree = "<group>"; };
		328D73361F505D1800FAF144 /* Base */ = {isa = PBXFileReference; lastKnownFileType = file.storyboard; name = Base; path = Base.lproj/Main.storyboard; sourceTree = "<group>"; };
		328D73381F505D1800FAF144 /* Assets.xcassets */ = {isa = PBXFileReference; lastKnownFileType = folder.assetcatalog; path = Assets.xcassets; sourceTree = "<group>"; };
		328D733B1F505D1800FAF144 /* Base */ = {isa = PBXFileReference; lastKnownFileType = file.storyboard; name = Base; path = Base.lproj/LaunchScreen.storyboard; sourceTree = "<group>"; };
		328D733D1F505D1800FAF144 /* Info.plist */ = {isa = PBXFileReference; lastKnownFileType = text.plist.xml; path = Info.plist; sourceTree = "<group>"; };
		328D73431F505DB400FAF144 /* GoogleService-Info.plist */ = {isa = PBXFileReference; fileEncoding = 4; lastKnownFileType = text.plist.xml; path = "GoogleService-Info.plist"; sourceTree = "<group>"; };
		51EC59ACFABA9FDC14BA732A /* Pods-CustomEmailLogin.release.xcconfig */ = {isa = PBXFileReference; includeInIndex = 1; lastKnownFileType = text.xcconfig; name = "Pods-CustomEmailLogin.release.xcconfig"; path = "Pods/Target Support Files/Pods-CustomEmailLogin/Pods-CustomEmailLogin.release.xcconfig"; sourceTree = "<group>"; };
		593AF21FEE4F12D1850ADC45 /* Pods-CustomEmailLogin.debug.xcconfig */ = {isa = PBXFileReference; includeInIndex = 1; lastKnownFileType = text.xcconfig; name = "Pods-CustomEmailLogin.debug.xcconfig"; path = "Pods/Target Support Files/Pods-CustomEmailLogin/Pods-CustomEmailLogin.debug.xcconfig"; sourceTree = "<group>"; };
		C9E831AC471528BED204A7A6 /* Pods_CustomEmailLogin.framework */ = {isa = PBXFileReference; explicitFileType = wrapper.framework; includeInIndex = 0; path = Pods_CustomEmailLogin.framework; sourceTree = BUILT_PRODUCTS_DIR; };
/* End PBXFileReference section */

/* Begin PBXFrameworksBuildPhase section */
		328D732B1F505D1800FAF144 /* Frameworks */ = {
			isa = PBXFrameworksBuildPhase;
			buildActionMask = 2147483647;
			files = (
				07D4AAC82F1B01B1F5AD827E /* Pods_CustomEmailLogin.framework in Frameworks */,
			);
			runOnlyForDeploymentPostprocessing = 0;
		};
/* End PBXFrameworksBuildPhase section */

/* Begin PBXGroup section */
		2D89E9953BB54350417A3D3C /* Frameworks */ = {
			isa = PBXGroup;
			children = (
				C9E831AC471528BED204A7A6 /* Pods_CustomEmailLogin.framework */,
			);
			name = Frameworks;
			sourceTree = "<group>";
		};
		328D73251F505D1800FAF144 = {
			isa = PBXGroup;
			children = (
				328D73301F505D1800FAF144 /* CustomEmailLogin */,
				328D732F1F505D1800FAF144 /* Products */,
				7B8D2A14B83A2A79A52FA0EC /* Pods */,
				2D89E9953BB54350417A3D3C /* Frameworks */,
			);
			sourceTree = "<group>";
		};
		328D732F1F505D1800FAF144 /* Products */ = {
			isa = PBXGroup;
			children = (
				328D732E1F505D1800FAF144 /* CustomEmailLogin.app */,
			);
			name = Products;
			sourceTree = "<group>";
		};
		328D73301F505D1800FAF144 /* CustomEmailLogin */ = {
			isa = PBXGroup;
			children = (
				328D73311F505D1800FAF144 /* AppDelegate.swift */,
				328D73331F505D1800FAF144 /* ViewController.swift */,
				328D73351F505D1800FAF144 /* Main.storyboard */,
				328D73381F505D1800FAF144 /* Assets.xcassets */,
				328D733A1F505D1800FAF144 /* LaunchScreen.storyboard */,
				328D733D1F505D1800FAF144 /* Info.plist */,
				328D73431F505DB400FAF144 /* GoogleService-Info.plist */,
			);
			path = CustomEmailLogin;
			sourceTree = "<group>";
		};
		7B8D2A14B83A2A79A52FA0EC /* Pods */ = {
			isa = PBXGroup;
			children = (
				593AF21FEE4F12D1850ADC45 /* Pods-CustomEmailLogin.debug.xcconfig */,
				51EC59ACFABA9FDC14BA732A /* Pods-CustomEmailLogin.release.xcconfig */,
			);
			name = Pods;
			sourceTree = "<group>";
		};
/* End PBXGroup section */

/* Begin PBXNativeTarget section */
		328D732D1F505D1800FAF144 /* CustomEmailLogin */ = {
			isa = PBXNativeTarget;
			buildConfigurationList = 328D73401F505D1800FAF144 /* Build configuration list for PBXNativeTarget "CustomEmailLogin" */;
			buildPhases = (
				0FA530697569ED04FD2BA0F4 /* [CP] Check Pods Manifest.lock */,
				328D732A1F505D1800FAF144 /* Sources */,
				328D732B1F505D1800FAF144 /* Frameworks */,
				328D732C1F505D1800FAF144 /* Resources */,
				9C2C133117CD1FCB361BAA4C /* [CP] Embed Pods Frameworks */,
				29601A1A211A67C099F38461 /* [CP] Copy Pods Resources */,
			);
			buildRules = (
			);
			dependencies = (
			);
			name = CustomEmailLogin;
			productName = CustomEmailLogin;
			productReference = 328D732E1F505D1800FAF144 /* CustomEmailLogin.app */;
			productType = "com.apple.product-type.application";
		};
/* End PBXNativeTarget section */

/* Begin PBXProject section */
		328D73261F505D1800FAF144 /* Project object */ = {
			isa = PBXProject;
			attributes = {
				LastSwiftUpdateCheck = 0830;
				LastUpgradeCheck = 0830;
				ORGANIZATIONNAME = "David Thurman";
				TargetAttributes = {
					328D732D1F505D1800FAF144 = {
						CreatedOnToolsVersion = 8.3.3;
						ProvisioningStyle = Automatic;
					};
				};
			};
			buildConfigurationList = 328D73291F505D1800FAF144 /* Build configuration list for PBXProject "CustomEmailLogin" */;
			compatibilityVersion = "Xcode 3.2";
			developmentRegion = English;
			hasScannedForEncodings = 0;
			knownRegions = (
				en,
				Base,
			);
			mainGroup = 328D73251F505D1800FAF144;
			productRefGroup = 328D732F1F505D1800FAF144 /* Products */;
			projectDirPath = "";
			projectRoot = "";
			targets = (
				328D732D1F505D1800FAF144 /* CustomEmailLogin */,
			);
		};
/* End PBXProject section */

/* Begin PBXResourcesBuildPhase section */
		328D732C1F505D1800FAF144 /* Resources */ = {
			isa = PBXResourcesBuildPhase;
			buildActionMask = 2147483647;
			files = (
				328D733C1F505D1800FAF144 /* LaunchScreen.storyboard in Resources */,
				328D73441F505DB400FAF144 /* GoogleService-Info.plist in Resources */,
				328D73391F505D1800FAF144 /* Assets.xcassets in Resources */,
				328D73371F505D1800FAF144 /* Main.storyboard in Resources */,
			);
			runOnlyForDeploymentPostprocessing = 0;
		};
/* End PBXResourcesBuildPhase section */

/* Begin PBXShellScriptBuildPhase section */
		0FA530697569ED04FD2BA0F4 /* [CP] Check Pods Manifest.lock */ = {
			isa = PBXShellScriptBuildPhase;
			buildActionMask = 2147483647;
			files = (
			);
			inputPaths = (
				"${PODS_PODFILE_DIR_PATH}/Podfile.lock",
				"${PODS_ROOT}/Manifest.lock",
			);
			name = "[CP] Check Pods Manifest.lock";
			outputPaths = (
				"$(DERIVED_FILE_DIR)/Pods-CustomEmailLogin-checkManifestLockResult.txt",
			);
			runOnlyForDeploymentPostprocessing = 0;
			shellPath = /bin/sh;
			shellScript = "diff \"${PODS_PODFILE_DIR_PATH}/Podfile.lock\" \"${PODS_ROOT}/Manifest.lock\" > /dev/null\nif [ $? != 0 ] ; then\n    # print error to STDERR\n    echo \"error: The sandbox is not in sync with the Podfile.lock. Run 'pod install' or update your CocoaPods installation.\" >&2\n    exit 1\nfi\n# This output is used by Xcode 'outputs' to avoid re-running this script phase.\necho \"SUCCESS\" > \"${SCRIPT_OUTPUT_FILE_0}\"\n";
			showEnvVarsInLog = 0;
		};
		29601A1A211A67C099F38461 /* [CP] Copy Pods Resources */ = {
			isa = PBXShellScriptBuildPhase;
			buildActionMask = 2147483647;
			files = (
			);
			inputPaths = (
			);
			name = "[CP] Copy Pods Resources";
			outputPaths = (
			);
			runOnlyForDeploymentPostprocessing = 0;
			shellPath = /bin/sh;
			shellScript = "\"${SRCROOT}/Pods/Target Support Files/Pods-CustomEmailLogin/Pods-CustomEmailLogin-resources.sh\"\n";
			showEnvVarsInLog = 0;
		};
		9C2C133117CD1FCB361BAA4C /* [CP] Embed Pods Frameworks */ = {
			isa = PBXShellScriptBuildPhase;
			buildActionMask = 2147483647;
			files = (
			);
			inputPaths = (
				"${SRCROOT}/Pods/Target Support Files/Pods-CustomEmailLogin/Pods-CustomEmailLogin-frameworks.sh",
				"${BUILT_PRODUCTS_DIR}/GTMSessionFetcher/GTMSessionFetcher.framework",
				"${BUILT_PRODUCTS_DIR}/GoogleToolboxForMac/GoogleToolboxForMac.framework",
				"${BUILT_PRODUCTS_DIR}/nanopb/nanopb.framework",
			);
			name = "[CP] Embed Pods Frameworks";
			outputPaths = (
				"${TARGET_BUILD_DIR}/${FRAMEWORKS_FOLDER_PATH}/GTMSessionFetcher.framework",
				"${TARGET_BUILD_DIR}/${FRAMEWORKS_FOLDER_PATH}/GoogleToolboxForMac.framework",
				"${TARGET_BUILD_DIR}/${FRAMEWORKS_FOLDER_PATH}/nanopb.framework",
			);
			runOnlyForDeploymentPostprocessing = 0;
			shellPath = /bin/sh;
			shellScript = "\"${SRCROOT}/Pods/Target Support Files/Pods-CustomEmailLogin/Pods-CustomEmailLogin-frameworks.sh\"\n";
			showEnvVarsInLog = 0;
		};
/* End PBXShellScriptBuildPhase section */

/* Begin PBXSourcesBuildPhase section */
		328D732A1F505D1800FAF144 /* Sources */ = {
			isa = PBXSourcesBuildPhase;
			buildActionMask = 2147483647;
			files = (
				328D73341F505D1800FAF144 /* ViewController.swift in Sources */,
				328D73321F505D1800FAF144 /* AppDelegate.swift in Sources */,
			);
			runOnlyForDeploymentPostprocessing = 0;
		};
/* End PBXSourcesBuildPhase section */

/* Begin PBXVariantGroup section */
		328D73351F505D1800FAF144 /* Main.storyboard */ = {
			isa = PBXVariantGroup;
			children = (
				328D73361F505D1800FAF144 /* Base */,
			);
			name = Main.storyboard;
			sourceTree = "<group>";
		};
		328D733A1F505D1800FAF144 /* LaunchScreen.storyboard */ = {
			isa = PBXVariantGroup;
			children = (
				328D733B1F505D1800FAF144 /* Base */,
			);
			name = LaunchScreen.storyboard;
			sourceTree = "<group>";
		};
/* End PBXVariantGroup section */

/* Begin XCBuildConfiguration section */
		328D733E1F505D1800FAF144 /* Debug */ = {
			isa = XCBuildConfiguration;
			buildSettings = {
				ALWAYS_SEARCH_USER_PATHS = NO;
				CLANG_ANALYZER_NONNULL = YES;
				CLANG_ANALYZER_NUMBER_OBJECT_CONVERSION = YES_AGGRESSIVE;
				CLANG_CXX_LANGUAGE_STANDARD = "gnu++0x";
				CLANG_CXX_LIBRARY = "libc++";
				CLANG_ENABLE_MODULES = YES;
				CLANG_ENABLE_OBJC_ARC = YES;
				CLANG_WARN_BOOL_CONVERSION = YES;
				CLANG_WARN_CONSTANT_CONVERSION = YES;
				CLANG_WARN_DIRECT_OBJC_ISA_USAGE = YES_ERROR;
				CLANG_WARN_DOCUMENTATION_COMMENTS = YES;
				CLANG_WARN_EMPTY_BODY = YES;
				CLANG_WARN_ENUM_CONVERSION = YES;
				CLANG_WARN_INFINITE_RECURSION = YES;
				CLANG_WARN_INT_CONVERSION = YES;
				CLANG_WARN_OBJC_ROOT_CLASS = YES_ERROR;
				CLANG_WARN_SUSPICIOUS_MOVE = YES;
				CLANG_WARN_UNREACHABLE_CODE = YES;
				CLANG_WARN__DUPLICATE_METHOD_MATCH = YES;
				"CODE_SIGN_IDENTITY[sdk=iphoneos*]" = "iPhone Developer";
				COPY_PHASE_STRIP = NO;
				DEBUG_INFORMATION_FORMAT = dwarf;
				ENABLE_STRICT_OBJC_MSGSEND = YES;
				ENABLE_TESTABILITY = YES;
				GCC_C_LANGUAGE_STANDARD = gnu99;
				GCC_DYNAMIC_NO_PIC = NO;
				GCC_NO_COMMON_BLOCKS = YES;
				GCC_OPTIMIZATION_LEVEL = 0;
				GCC_PREPROCESSOR_DEFINITIONS = (
					"DEBUG=1",
					"$(inherited)",
				);
				GCC_WARN_64_TO_32_BIT_CONVERSION = YES;
				GCC_WARN_ABOUT_RETURN_TYPE = YES_ERROR;
				GCC_WARN_UNDECLARED_SELECTOR = YES;
				GCC_WARN_UNINITIALIZED_AUTOS = YES_AGGRESSIVE;
				GCC_WARN_UNUSED_FUNCTION = YES;
				GCC_WARN_UNUSED_VARIABLE = YES;
				IPHONEOS_DEPLOYMENT_TARGET = 10.3;
				MTL_ENABLE_DEBUG_INFO = YES;
				ONLY_ACTIVE_ARCH = YES;
				SDKROOT = iphoneos;
				SWIFT_ACTIVE_COMPILATION_CONDITIONS = DEBUG;
				SWIFT_OPTIMIZATION_LEVEL = "-Onone";
				TARGETED_DEVICE_FAMILY = "1,2";
			};
			name = Debug;
		};
		328D733F1F505D1800FAF144 /* Release */ = {
			isa = XCBuildConfiguration;
			buildSettings = {
				ALWAYS_SEARCH_USER_PATHS = NO;
				CLANG_ANALYZER_NONNULL = YES;
				CLANG_ANALYZER_NUMBER_OBJECT_CONVERSION = YES_AGGRESSIVE;
				CLANG_CXX_LANGUAGE_STANDARD = "gnu++0x";
				CLANG_CXX_LIBRARY = "libc++";
				CLANG_ENABLE_MODULES = YES;
				CLANG_ENABLE_OBJC_ARC = YES;
				CLANG_WARN_BOOL_CONVERSION = YES;
				CLANG_WARN_CONSTANT_CONVERSION = YES;
				CLANG_WARN_DIRECT_OBJC_ISA_USAGE = YES_ERROR;
				CLANG_WARN_DOCUMENTATION_COMMENTS = YES;
				CLANG_WARN_EMPTY_BODY = YES;
				CLANG_WARN_ENUM_CONVERSION = YES;
				CLANG_WARN_INFINITE_RECURSION = YES;
				CLANG_WARN_INT_CONVERSION = YES;
				CLANG_WARN_OBJC_ROOT_CLASS = YES_ERROR;
				CLANG_WARN_SUSPICIOUS_MOVE = YES;
				CLANG_WARN_UNREACHABLE_CODE = YES;
				CLANG_WARN__DUPLICATE_METHOD_MATCH = YES;
				"CODE_SIGN_IDENTITY[sdk=iphoneos*]" = "iPhone Developer";
				COPY_PHASE_STRIP = NO;
				DEBUG_INFORMATION_FORMAT = "dwarf-with-dsym";
				ENABLE_NS_ASSERTIONS = NO;
				ENABLE_STRICT_OBJC_MSGSEND = YES;
				GCC_C_LANGUAGE_STANDARD = gnu99;
				GCC_NO_COMMON_BLOCKS = YES;
				GCC_WARN_64_TO_32_BIT_CONVERSION = YES;
				GCC_WARN_ABOUT_RETURN_TYPE = YES_ERROR;
				GCC_WARN_UNDECLARED_SELECTOR = YES;
				GCC_WARN_UNINITIALIZED_AUTOS = YES_AGGRESSIVE;
				GCC_WARN_UNUSED_FUNCTION = YES;
				GCC_WARN_UNUSED_VARIABLE = YES;
				IPHONEOS_DEPLOYMENT_TARGET = 10.3;
				MTL_ENABLE_DEBUG_INFO = NO;
				SDKROOT = iphoneos;
				SWIFT_OPTIMIZATION_LEVEL = "-Owholemodule";
				TARGETED_DEVICE_FAMILY = "1,2";
				VALIDATE_PRODUCT = YES;
			};
			name = Release;
		};
		328D73411F505D1800FAF144 /* Debug */ = {
			isa = XCBuildConfiguration;
			baseConfigurationReference = 593AF21FEE4F12D1850ADC45 /* Pods-CustomEmailLogin.debug.xcconfig */;
			buildSettings = {
				ASSETCATALOG_COMPILER_APPICON_NAME = AppIcon;
				INFOPLIST_FILE = CustomEmailLogin/Info.plist;
				LD_RUNPATH_SEARCH_PATHS = "$(inherited) @executable_path/Frameworks";
				PRODUCT_BUNDLE_IDENTIFIER = com.davidthurman.CustomEmailLogin;
				PRODUCT_NAME = "$(TARGET_NAME)";
				SWIFT_VERSION = 3.0;
			};
			name = Debug;
		};
		328D73421F505D1800FAF144 /* Release */ = {
			isa = XCBuildConfiguration;
			baseConfigurationReference = 51EC59ACFABA9FDC14BA732A /* Pods-CustomEmailLogin.release.xcconfig */;
			buildSettings = {
				ASSETCATALOG_COMPILER_APPICON_NAME = AppIcon;
				INFOPLIST_FILE = CustomEmailLogin/Info.plist;
				LD_RUNPATH_SEARCH_PATHS = "$(inherited) @executable_path/Frameworks";
				PRODUCT_BUNDLE_IDENTIFIER = com.davidthurman.CustomEmailLogin;
				PRODUCT_NAME = "$(TARGET_NAME)";
				SWIFT_VERSION = 3.0;
			};
			name = Release;
		};
/* End XCBuildConfiguration section */

/* Begin XCConfigurationList section */
		328D73291F505D1800FAF144 /* Build configuration list for PBXProject "CustomEmailLogin" */ = {
			isa = XCConfigurationList;
			buildConfigurations = (
				328D733E1F505D1800FAF144 /* Debug */,
				328D733F1F505D1800FAF144 /* Release */,
			);
			defaultConfigurationIsVisible = 0;
			defaultConfigurationName = Release;
		};
		328D73401F505D1800FAF144 /* Build configuration list for PBXNativeTarget "CustomEmailLogin" */ = {
			isa = XCConfigurationList;
			buildConfigurations = (
				328D73411F505D1800FAF144 /* Debug */,
				328D73421F505D1800FAF144 /* Release */,
			);
			defaultConfigurationIsVisible = 0;
		};
/* End XCConfigurationList section */
	};
	rootObject = 328D73261F505D1800FAF144 /* Project object */;
}
